
Microsoft Visual Studio Solution File, Format Version 12.00
# Visual Studio Version 17
VisualStudioVersion = 17.14.36301.6 d17.14
MinimumVisualStudioVersion = 10.0.40219.1
Project("{FAE04EC0-301F-11D3-BF4B-00C04F79EFBC}") = "SalesWebMvc", "SalesWebMvc\SalesWebMvc.csproj", "{FCAA6DB4-8EE0-4AE3-818B-56D11095E47A}"
EndProject
Global
	GlobalSection(SolutionConfigurationPlatforms) = preSolution
		Debug|Any CPU = Debug|Any CPU
		Release|Any CPU = Release|Any CPU
	EndGlobalSection
	GlobalSection(ProjectConfigurationPlatforms) = postSolution
		{FCAA6DB4-8EE0-4AE3-818B-56D11095E47A}.Debug|Any CPU.ActiveCfg = Debug|Any CPU
		{FCAA6DB4-8EE0-4AE3-818B-56D11095E47A}.Debug|Any CPU.Build.0 = Debug|Any CPU
		{FCAA6DB4-8EE0-4AE3-818B-56D11095E47A}.Release|Any CPU.ActiveCfg = Release|Any CPU
		{FCAA6DB4-8EE0-4AE3-818B-56D11095E47A}.Release|Any CPU.Build.0 = Release|Any CPU
	EndGlobalSection
	GlobalSection(SolutionProperties) = preSolution
		HideSolutionNode = FALSE
	EndGlobalSection
	GlobalSection(ExtensibilityGlobals) = postSolution
		SolutionGuid = {45B00A6C-C2AF-41FD-8820-E3DCE4B153C2}
	EndGlobalSection
EndGlobal
